
Microsoft Visual Studio Solution File, Format Version 12.00
# Visual Studio Version 17
VisualStudioVersion = 17.9.34607.119
MinimumVisualStudioVersion = 10.0.40219.1
Project("{FAE04EC0-301F-11D3-BF4B-00C04F79EFBC}") = "Stopwatch", "Stopwatch\Stopwatch.csproj", "{68469C7A-4FAC-45DD-83B5-4BD98F2C66F3}"
EndProject
Global
	GlobalSection(SolutionConfigurationPlatforms) = preSolution
		Debug|Any CPU = Debug|Any CPU
		Release|Any CPU = Release|Any CPU
	EndGlobalSection
	GlobalSection(ProjectConfigurationPlatforms) = postSolution
		{68469C7A-4FAC-45DD-83B5-4BD98F2C66F3}.Debug|Any CPU.ActiveCfg = Debug|Any CPU
		{68469C7A-4FAC-45DD-83B5-4BD98F2C66F3}.Debug|Any CPU.Build.0 = Debug|Any CPU
		{68469C7A-4FAC-45DD-83B5-4BD98F2C66F3}.Release|Any CPU.ActiveCfg = Release|Any CPU
		{68469C7A-4FAC-45DD-83B5-4BD98F2C66F3}.Release|Any CPU.Build.0 = Release|Any CPU
	EndGlobalSection
	GlobalSection(SolutionProperties) = preSolution
		HideSolutionNode = FALSE
	EndGlobalSection
	GlobalSection(ExtensibilityGlobals) = postSolution
		SolutionGuid = {7F713B84-A0B0-4B7C-831F-863B2AEB6755}
	EndGlobalSection
EndGlobal
